
Microsoft Visual Studio Solution File, Format Version 12.00
# Visual Studio Version 16
VisualStudioVersion = 16.0.32002.261
MinimumVisualStudioVersion = 10.0.40219.1
Project("{FAE04EC0-301F-11D3-BF4B-00C04F79EFBC}") = "Common", "Common\Common.csproj", "{FA2D0404-2FF9-4575-A2A7-16C98D739B1B}"
EndProject
Project("{FAE04EC0-301F-11D3-BF4B-00C04F79EFBC}") = "Data", "Data\Data.csproj", "{1C71A0C3-C56C-47E6-B337-563600C259EF}"
EndProject
Project("{FAE04EC0-301F-11D3-BF4B-00C04F79EFBC}") = "Web", "Web\Web.csproj", "{09E699F8-FE5B-4D03-8DC8-1D13D84B4643}"
EndProject
Global
	GlobalSection(SolutionConfigurationPlatforms) = preSolution
		Debug|Any CPU = Debug|Any CPU
		Release|Any CPU = Release|Any CPU
	EndGlobalSection
	GlobalSection(ProjectConfigurationPlatforms) = postSolution
		{FA2D0404-2FF9-4575-A2A7-16C98D739B1B}.Debug|Any CPU.ActiveCfg = Debug|Any CPU
		{FA2D0404-2FF9-4575-A2A7-16C98D739B1B}.Debug|Any CPU.Build.0 = Debug|Any CPU
		{FA2D0404-2FF9-4575-A2A7-16C98D739B1B}.Release|Any CPU.ActiveCfg = Release|Any CPU
		{FA2D0404-2FF9-4575-A2A7-16C98D739B1B}.Release|Any CPU.Build.0 = Release|Any CPU
		{1C71A0C3-C56C-47E6-B337-563600C259EF}.Debug|Any CPU.ActiveCfg = Debug|Any CPU
		{1C71A0C3-C56C-47E6-B337-563600C259EF}.Debug|Any CPU.Build.0 = Debug|Any CPU
		{1C71A0C3-C56C-47E6-B337-563600C259EF}.Release|Any CPU.ActiveCfg = Release|Any CPU
		{1C71A0C3-C56C-47E6-B337-563600C259EF}.Release|Any CPU.Build.0 = Release|Any CPU
		{09E699F8-FE5B-4D03-8DC8-1D13D84B4643}.Debug|Any CPU.ActiveCfg = Debug|Any CPU
		{09E699F8-FE5B-4D03-8DC8-1D13D84B4643}.Debug|Any CPU.Build.0 = Debug|Any CPU
		{09E699F8-FE5B-4D03-8DC8-1D13D84B4643}.Release|Any CPU.ActiveCfg = Release|Any CPU
		{09E699F8-FE5B-4D03-8DC8-1D13D84B4643}.Release|Any CPU.Build.0 = Release|Any CPU
	EndGlobalSection
	GlobalSection(SolutionProperties) = preSolution
		HideSolutionNode = FALSE
	EndGlobalSection
	GlobalSection(ExtensibilityGlobals) = postSolution
		SolutionGuid = {FA37930B-B4E5-4C43-B38C-3F8D258D3742}
	EndGlobalSection
EndGlobal
